// !$*UTF8*$!
{
	archiveVersion = 1;
	classes = {
	};
	objectVersion = 46;
	objects = {

/* Begin PBXBuildFile section */
		27107CC0187847DC00651E10 /* TKMapImage.m in Sources */ = {isa = PBXBuildFile; fileRef = 27107CBF187847DB00651E10 /* TKMapImage.m */; };
		27107CC2187848D800651E10 /* TKMapImageSpec.m in Sources */ = {isa = PBXBuildFile; fileRef = 27107CC1187848D800651E10 /* TKMapImageSpec.m */; };
		27107CC41878492F00651E10 /* CoreGraphics.framework in Frameworks */ = {isa = PBXBuildFile; fileRef = 27107CC31878492F00651E10 /* CoreGraphics.framework */; };
		2713CA55169360C900BB236F /* Foundation.framework in Frameworks */ = {isa = PBXBuildFile; fileRef = 2713CA54169360C900BB236F /* Foundation.framework */; };
		2713CA5A169360C900BB236F /* TrailsKit.h in CopyFiles */ = {isa = PBXBuildFile; fileRef = 2713CA59169360C900BB236F /* TrailsKit.h */; };
		2713CA66169360C900BB236F /* UIKit.framework in Frameworks */ = {isa = PBXBuildFile; fileRef = 2713CA65169360C900BB236F /* UIKit.framework */; };
		2713CA67169360C900BB236F /* Foundation.framework in Frameworks */ = {isa = PBXBuildFile; fileRef = 2713CA54169360C900BB236F /* Foundation.framework */; };
		2713CA6A169360C900BB236F /* libTrailsKit.a in Frameworks */ = {isa = PBXBuildFile; fileRef = 2713CA51169360C900BB236F /* libTrailsKit.a */; };
		2713CA70169360C900BB236F /* InfoPlist.strings in Resources */ = {isa = PBXBuildFile; fileRef = 2713CA6E169360C900BB236F /* InfoPlist.strings */; };
		2713CA9C1693844900BB236F /* CoreLocation.framework in Frameworks */ = {isa = PBXBuildFile; fileRef = 2713CA9B1693844900BB236F /* CoreLocation.framework */; };
		2713CA9E1693845000BB236F /* MapKit.framework in Frameworks */ = {isa = PBXBuildFile; fileRef = 2713CA9D1693845000BB236F /* MapKit.framework */; };
		27148A49187C3357006452D2 /* TKMapObjectManager.m in Sources */ = {isa = PBXBuildFile; fileRef = 27148A48187C3357006452D2 /* TKMapObjectManager.m */; };
		27148A4B187C3433006452D2 /* TKMapObjectManagerSpec.m in Sources */ = {isa = PBXBuildFile; fileRef = 27148A4A187C3433006452D2 /* TKMapObjectManagerSpec.m */; };
		27148A4E187E07A5006452D2 /* TKVisibilityConstraint.m in Sources */ = {isa = PBXBuildFile; fileRef = 27148A4D187E07A5006452D2 /* TKVisibilityConstraint.m */; };
		27148A50187E0868006452D2 /* TKVisibilityConstraintSpec.m in Sources */ = {isa = PBXBuildFile; fileRef = 27148A4F187E0868006452D2 /* TKVisibilityConstraintSpec.m */; };
		2736C08F16AA571D00431070 /* TKStyledPolygonArea.m in Sources */ = {isa = PBXBuildFile; fileRef = 2736C08E16AA571D00431070 /* TKStyledPolygonArea.m */; };
		2736C0A216AAEC4800431070 /* test_invalid_gpx.gpx in Resources */ = {isa = PBXBuildFile; fileRef = 2736C09F16AAEC4800431070 /* test_invalid_gpx.gpx */; };
		2736C0A316AAEC4800431070 /* test_one_track.gpx in Resources */ = {isa = PBXBuildFile; fileRef = 2736C0A016AAEC4800431070 /* test_one_track.gpx */; };
		2736C0A416AAEC4800431070 /* TKGPXParserSpec.m in Sources */ = {isa = PBXBuildFile; fileRef = 2736C0A116AAEC4800431070 /* TKGPXParserSpec.m */; };
		2736C0AB16AAEC8D00431070 /* TKGPXParser.m in Sources */ = {isa = PBXBuildFile; fileRef = 2736C0A816AAEC8D00431070 /* TKGPXParser.m */; };
		2736C0AC16AAEC8D00431070 /* TKGPXPolylineMapper.m in Sources */ = {isa = PBXBuildFile; fileRef = 2736C0AA16AAEC8D00431070 /* TKGPXPolylineMapper.m */; };
		2736C0AE16AAED2400431070 /* TKGPXPolylineMapperSpec.m in Sources */ = {isa = PBXBuildFile; fileRef = 2736C0AD16AAED2400431070 /* TKGPXPolylineMapperSpec.m */; };
		2736C0B116AAF64100431070 /* TKGPXPolygonMapper.m in Sources */ = {isa = PBXBuildFile; fileRef = 2736C0B016AAF64100431070 /* TKGPXPolygonMapper.m */; };
		2736C0B316AAF6DF00431070 /* TKGPXPolygonMapperSpec.m in Sources */ = {isa = PBXBuildFile; fileRef = 2736C0B216AAF6DF00431070 /* TKGPXPolygonMapperSpec.m */; };
		2736C0B516AAFE4500431070 /* TKStyledPolygonAreaSpec.m in Sources */ = {isa = PBXBuildFile; fileRef = 2736C0B416AAFE4500431070 /* TKStyledPolygonAreaSpec.m */; };
		273E1EF818765ACB00B79846 /* TKPointAnnotation.m in Sources */ = {isa = PBXBuildFile; fileRef = 273E1EF718765ACB00B79846 /* TKPointAnnotation.m */; };
		2740C2AC16B5D95800E521CF /* TKAnnotationViewFactory.m in Sources */ = {isa = PBXBuildFile; fileRef = 2740C2AB16B5D95800E521CF /* TKAnnotationViewFactory.m */; };
		2740C2AF16B5DA3900E521CF /* TKAnnotationViewFactorySpec.m in Sources */ = {isa = PBXBuildFile; fileRef = 2740C2AE16B5DA3900E521CF /* TKAnnotationViewFactorySpec.m */; };
		277ED490169DE50C005022E5 /* TKStyledPolylineRendererFactory.m in Sources */ = {isa = PBXBuildFile; fileRef = 277ED48F169DE50C005022E5 /* TKStyledPolylineRendererFactory.m */; };
		27BF90DA18EA1CB10091745F /* GPX+TrailsKit.m in Sources */ = {isa = PBXBuildFile; fileRef = 27BF90D918EA1CB10091745F /* GPX+TrailsKit.m */; };
		27F46A30169B433C00255169 /* NSArray+MapKitGeometry.m in Sources */ = {isa = PBXBuildFile; fileRef = 27F46A29169B433C00255169 /* NSArray+MapKitGeometry.m */; };
		27F46A31169B433C00255169 /* TKMapKitGeometry.m in Sources */ = {isa = PBXBuildFile; fileRef = 27F46A2B169B433C00255169 /* TKMapKitGeometry.m */; };
		27F46A39169B439100255169 /* NSArrayMapKitGeometrySpec.m in Sources */ = {isa = PBXBuildFile; fileRef = 27F46A36169B439100255169 /* NSArrayMapKitGeometrySpec.m */; };
		27F46A3A169B439100255169 /* TKMapKitGeometrySpec.m in Sources */ = {isa = PBXBuildFile; fileRef = 27F46A37169B439100255169 /* TKMapKitGeometrySpec.m */; };
		27F46A40169B8BC100255169 /* TKShapeStyle.m in Sources */ = {isa = PBXBuildFile; fileRef = 27F46A3D169B8BC100255169 /* TKShapeStyle.m */; };
		27F46A41169B8BC100255169 /* TKStyledPolyline.m in Sources */ = {isa = PBXBuildFile; fileRef = 27F46A3F169B8BC100255169 /* TKStyledPolyline.m */; };
		7D11DEF120104A489DE37F11 /* libPods-TrailsKit.a in Frameworks */ = {isa = PBXBuildFile; fileRef = B2C374D34094493DA171442C /* libPods-TrailsKit.a */; };
		FE8BC6B1247B4EDB93B8F468 /* libPods-TrailsKitTests.a in Frameworks */ = {isa = PBXBuildFile; fileRef = A42848C9E4C346AB926D673C /* libPods-TrailsKitTests.a */; };
/* End PBXBuildFile section */

/* Begin PBXContainerItemProxy section */
		2713CA68169360C900BB236F /* PBXContainerItemProxy */ = {
			isa = PBXContainerItemProxy;
			containerPortal = 2713CA48169360C900BB236F /* Project object */;
			proxyType = 1;
			remoteGlobalIDString = 2713CA50169360C900BB236F;
			remoteInfo = TrailsKit;
		};
/* End PBXContainerItemProxy section */

/* Begin PBXCopyFilesBuildPhase section */
		2713CA4F169360C900BB236F /* CopyFiles */ = {
			isa = PBXCopyFilesBuildPhase;
			buildActionMask = 2147483647;
			dstPath = "include/${PRODUCT_NAME}";
			dstSubfolderSpec = 16;
			files = (
				2713CA5A169360C900BB236F /* TrailsKit.h in CopyFiles */,
			);
			runOnlyForDeploymentPostprocessing = 0;
		};
/* End PBXCopyFilesBuildPhase section */

/* Begin PBXFileReference section */
		1C51F82EAE2E45CF8F89B6F7 /* Pods-TrailsKitTests.xcconfig */ = {isa = PBXFileReference; includeInIndex = 1; lastKnownFileType = text.xcconfig; name = "Pods-TrailsKitTests.xcconfig"; path = "Pods/Pods-TrailsKitTests.xcconfig"; sourceTree = SOURCE_ROOT; };
		27107CBE187847DB00651E10 /* TKMapImage.h */ = {isa = PBXFileReference; fileEncoding = 4; lastKnownFileType = sourcecode.c.h; path = TKMapImage.h; sourceTree = "<group>"; };
		27107CBF187847DB00651E10 /* TKMapImage.m */ = {isa = PBXFileReference; fileEncoding = 4; lastKnownFileType = sourcecode.c.objc; path = TKMapImage.m; sourceTree = "<group>"; };
		27107CC1187848D800651E10 /* TKMapImageSpec.m */ = {isa = PBXFileReference; fileEncoding = 4; lastKnownFileType = sourcecode.c.objc; path = TKMapImageSpec.m; sourceTree = "<group>"; };
		27107CC31878492F00651E10 /* CoreGraphics.framework */ = {isa = PBXFileReference; lastKnownFileType = wrapper.framework; name = CoreGraphics.framework; path = System/Library/Frameworks/CoreGraphics.framework; sourceTree = SDKROOT; };
		2713CA51169360C900BB236F /* libTrailsKit.a */ = {isa = PBXFileReference; explicitFileType = archive.ar; includeInIndex = 0; path = libTrailsKit.a; sourceTree = BUILT_PRODUCTS_DIR; };
		2713CA54169360C900BB236F /* Foundation.framework */ = {isa = PBXFileReference; lastKnownFileType = wrapper.framework; name = Foundation.framework; path = System/Library/Frameworks/Foundation.framework; sourceTree = SDKROOT; };
		2713CA58169360C900BB236F /* TrailsKit-Prefix.pch */ = {isa = PBXFileReference; lastKnownFileType = sourcecode.c.h; path = "TrailsKit-Prefix.pch"; sourceTree = "<group>"; };
		2713CA59169360C900BB236F /* TrailsKit.h */ = {isa = PBXFileReference; lastKnownFileType = sourcecode.c.h; path = TrailsKit.h; sourceTree = "<group>"; };
		2713CA62169360C900BB236F /* TrailsKitTests.xctest */ = {isa = PBXFileReference; explicitFileType = wrapper.cfbundle; includeInIndex = 0; path = TrailsKitTests.xctest; sourceTree = BUILT_PRODUCTS_DIR; };
		2713CA65169360C900BB236F /* UIKit.framework */ = {isa = PBXFileReference; lastKnownFileType = wrapper.framework; name = UIKit.framework; path = Library/Frameworks/UIKit.framework; sourceTree = DEVELOPER_DIR; };
		2713CA6D169360C900BB236F /* TrailsKitTests-Info.plist */ = {isa = PBXFileReference; lastKnownFileType = text.plist.xml; path = "TrailsKitTests-Info.plist"; sourceTree = "<group>"; };
		2713CA6F169360C900BB236F /* en */ = {isa = PBXFileReference; lastKnownFileType = text.plist.strings; name = en; path = en.lproj/InfoPlist.strings; sourceTree = "<group>"; };
		2713CA971693832900BB236F /* TrailsKitUI.h */ = {isa = PBXFileReference; lastKnownFileType = sourcecode.c.h; path = TrailsKitUI.h; sourceTree = "<group>"; };
		2713CA9B1693844900BB236F /* CoreLocation.framework */ = {isa = PBXFileReference; lastKnownFileType = wrapper.framework; name = CoreLocation.framework; path = System/Library/Frameworks/CoreLocation.framework; sourceTree = SDKROOT; };
		2713CA9D1693845000BB236F /* MapKit.framework */ = {isa = PBXFileReference; lastKnownFileType = wrapper.framework; name = MapKit.framework; path = System/Library/Frameworks/MapKit.framework; sourceTree = SDKROOT; };
		2713CB7B1697F48300BB236F /* TKKiwiExtensions.h */ = {isa = PBXFileReference; lastKnownFileType = sourcecode.c.h; path = TKKiwiExtensions.h; sourceTree = "<group>"; };
		27148A47187C3357006452D2 /* TKMapObjectManager.h */ = {isa = PBXFileReference; fileEncoding = 4; lastKnownFileType = sourcecode.c.h; path = TKMapObjectManager.h; sourceTree = "<group>"; };
		27148A48187C3357006452D2 /* TKMapObjectManager.m */ = {isa = PBXFileReference; fileEncoding = 4; lastKnownFileType = sourcecode.c.objc; path = TKMapObjectManager.m; sourceTree = "<group>"; };
		27148A4A187C3433006452D2 /* TKMapObjectManagerSpec.m */ = {isa = PBXFileReference; fileEncoding = 4; lastKnownFileType = sourcecode.c.objc; path = TKMapObjectManagerSpec.m; sourceTree = "<group>"; };
		27148A4C187E07A5006452D2 /* TKVisibilityConstraint.h */ = {isa = PBXFileReference; fileEncoding = 4; lastKnownFileType = sourcecode.c.h; path = TKVisibilityConstraint.h; sourceTree = "<group>"; };
		27148A4D187E07A5006452D2 /* TKVisibilityConstraint.m */ = {isa = PBXFileReference; fileEncoding = 4; lastKnownFileType = sourcecode.c.objc; path = TKVisibilityConstraint.m; sourceTree = "<group>"; };
		27148A4F187E0868006452D2 /* TKVisibilityConstraintSpec.m */ = {isa = PBXFileReference; fileEncoding = 4; lastKnownFileType = sourcecode.c.objc; path = TKVisibilityConstraintSpec.m; sourceTree = "<group>"; };
		2736C07016A9899700431070 /* TrailsKitTypes.h */ = {isa = PBXFileReference; lastKnownFileType = sourcecode.c.h; path = TrailsKitTypes.h; sourceTree = "<group>"; };
		2736C08D16AA571D00431070 /* TKStyledPolygonArea.h */ = {isa = PBXFileReference; fileEncoding = 4; lastKnownFileType = sourcecode.c.h; path = TKStyledPolygonArea.h; sourceTree = "<group>"; };
		2736C08E16AA571D00431070 /* TKStyledPolygonArea.m */ = {isa = PBXFileReference; fileEncoding = 4; lastKnownFileType = sourcecode.c.objc; path = TKStyledPolygonArea.m; sourceTree = "<group>"; };
		2736C09516AAE78C00431070 /* TrailsKitParsers.h */ = {isa = PBXFileReference; lastKnownFileType = sourcecode.c.h; path = TrailsKitParsers.h; sourceTree = "<group>"; };
		2736C09F16AAEC4800431070 /* test_invalid_gpx.gpx */ = {isa = PBXFileReference; fileEncoding = 4; lastKnownFileType = text.xml; path = test_invalid_gpx.gpx; sourceTree = "<group>"; };
		2736C0A016AAEC4800431070 /* test_one_track.gpx */ = {isa = PBXFileReference; fileEncoding = 4; lastKnownFileType = text.xml; path = test_one_track.gpx; sourceTree = "<group>"; };
		2736C0A116AAEC4800431070 /* TKGPXParserSpec.m */ = {isa = PBXFileReference; fileEncoding = 4; lastKnownFileType = sourcecode.c.objc; path = TKGPXParserSpec.m; sourceTree = "<group>"; };
		2736C0A616AAEC8D00431070 /* TKGPXOverlayMapper.h */ = {isa = PBXFileReference; fileEncoding = 4; lastKnownFileType = sourcecode.c.h; path = TKGPXOverlayMapper.h; sourceTree = "<group>"; };
		2736C0A716AAEC8D00431070 /* TKGPXParser.h */ = {isa = PBXFileReference; fileEncoding = 4; lastKnownFileType = sourcecode.c.h; path = TKGPXParser.h; sourceTree = "<group>"; };
		2736C0A816AAEC8D00431070 /* TKGPXParser.m */ = {isa = PBXFileReference; fileEncoding = 4; lastKnownFileType = sourcecode.c.objc; path = TKGPXParser.m; sourceTree = "<group>"; };
		2736C0A916AAEC8D00431070 /* TKGPXPolylineMapper.h */ = {isa = PBXFileReference; fileEncoding = 4; lastKnownFileType = sourcecode.c.h; path = TKGPXPolylineMapper.h; sourceTree = "<group>"; };
		2736C0AA16AAEC8D00431070 /* TKGPXPolylineMapper.m */ = {isa = PBXFileReference; fileEncoding = 4; lastKnownFileType = sourcecode.c.objc; path = TKGPXPolylineMapper.m; sourceTree = "<group>"; };
		2736C0AD16AAED2400431070 /* TKGPXPolylineMapperSpec.m */ = {isa = PBXFileReference; fileEncoding = 4; lastKnownFileType = sourcecode.c.objc; path = TKGPXPolylineMapperSpec.m; sourceTree = "<group>"; };
		2736C0AF16AAF64100431070 /* TKGPXPolygonMapper.h */ = {isa = PBXFileReference; fileEncoding = 4; lastKnownFileType = sourcecode.c.h; path = TKGPXPolygonMapper.h; sourceTree = "<group>"; };
		2736C0B016AAF64100431070 /* TKGPXPolygonMapper.m */ = {isa = PBXFileReference; fileEncoding = 4; lastKnownFileType = sourcecode.c.objc; path = TKGPXPolygonMapper.m; sourceTree = "<group>"; };
		2736C0B216AAF6DF00431070 /* TKGPXPolygonMapperSpec.m */ = {isa = PBXFileReference; fileEncoding = 4; lastKnownFileType = sourcecode.c.objc; path = TKGPXPolygonMapperSpec.m; sourceTree = "<group>"; };
		2736C0B416AAFE4500431070 /* TKStyledPolygonAreaSpec.m */ = {isa = PBXFileReference; fileEncoding = 4; lastKnownFileType = sourcecode.c.objc; path = TKStyledPolygonAreaSpec.m; sourceTree = "<group>"; };
		273E1EF618765ACB00B79846 /* TKPointAnnotation.h */ = {isa = PBXFileReference; fileEncoding = 4; lastKnownFileType = sourcecode.c.h; path = TKPointAnnotation.h; sourceTree = "<group>"; };
		273E1EF718765ACB00B79846 /* TKPointAnnotation.m */ = {isa = PBXFileReference; fileEncoding = 4; lastKnownFileType = sourcecode.c.objc; path = TKPointAnnotation.m; sourceTree = "<group>"; };
		2740C2AA16B5D95800E521CF /* TKAnnotationViewFactory.h */ = {isa = PBXFileReference; fileEncoding = 4; lastKnownFileType = sourcecode.c.h; path = TKAnnotationViewFactory.h; sourceTree = "<group>"; };
		2740C2AB16B5D95800E521CF /* TKAnnotationViewFactory.m */ = {isa = PBXFileReference; fileEncoding = 4; lastKnownFileType = sourcecode.c.objc; path = TKAnnotationViewFactory.m; sourceTree = "<group>"; };
		2740C2AE16B5DA3900E521CF /* TKAnnotationViewFactorySpec.m */ = {isa = PBXFileReference; fileEncoding = 4; lastKnownFileType = sourcecode.c.objc; path = TKAnnotationViewFactorySpec.m; sourceTree = "<group>"; };
		277ED48E169DE50C005022E5 /* TKStyledPolylineRendererFactory.h */ = {isa = PBXFileReference; fileEncoding = 4; lastKnownFileType = sourcecode.c.h; path = TKStyledPolylineRendererFactory.h; sourceTree = "<group>"; };
		277ED48F169DE50C005022E5 /* TKStyledPolylineRendererFactory.m */ = {isa = PBXFileReference; fileEncoding = 4; lastKnownFileType = sourcecode.c.objc; path = TKStyledPolylineRendererFactory.m; sourceTree = "<group>"; };
		27844C9F18FD5A4400D59163 /* Shared.xcconfig */ = {isa = PBXFileReference; fileEncoding = 4; lastKnownFileType = text.xcconfig; path = Shared.xcconfig; sourceTree = "<group>"; };
		27BF90D818EA1CB10091745F /* GPX+TrailsKit.h */ = {isa = PBXFileReference; fileEncoding = 4; lastKnownFileType = sourcecode.c.h; path = "GPX+TrailsKit.h"; sourceTree = "<group>"; };
		27BF90D918EA1CB10091745F /* GPX+TrailsKit.m */ = {isa = PBXFileReference; fileEncoding = 4; lastKnownFileType = sourcecode.c.objc; path = "GPX+TrailsKit.m"; sourceTree = "<group>"; };
		27F46A28169B433C00255169 /* NSArray+MapKitGeometry.h */ = {isa = PBXFileReference; fileEncoding = 4; lastKnownFileType = sourcecode.c.h; path = "NSArray+MapKitGeometry.h"; sourceTree = "<group>"; };
		27F46A29169B433C00255169 /* NSArray+MapKitGeometry.m */ = {isa = PBXFileReference; fileEncoding = 4; lastKnownFileType = sourcecode.c.objc; path = "NSArray+MapKitGeometry.m"; sourceTree = "<group>"; };
		27F46A2A169B433C00255169 /* TKMapKitGeometry.h */ = {isa = PBXFileReference; fileEncoding = 4; lastKnownFileType = sourcecode.c.h; path = TKMapKitGeometry.h; sourceTree = "<group>"; };
		27F46A2B169B433C00255169 /* TKMapKitGeometry.m */ = {isa = PBXFileReference; fileEncoding = 4; lastKnownFileType = sourcecode.c.objc; path = TKMapKitGeometry.m; sourceTree = "<group>"; };
		27F46A36169B439100255169 /* NSArrayMapKitGeometrySpec.m */ = {isa = PBXFileReference; fileEncoding = 4; lastKnownFileType = sourcecode.c.objc; path = NSArrayMapKitGeometrySpec.m; sourceTree = "<group>"; };
		27F46A37169B439100255169 /* TKMapKitGeometrySpec.m */ = {isa = PBXFileReference; fileEncoding = 4; lastKnownFileType = sourcecode.c.objc; path = TKMapKitGeometrySpec.m; sourceTree = "<group>"; };
		27F46A3C169B8BC100255169 /* TKShapeStyle.h */ = {isa = PBXFileReference; fileEncoding = 4; lastKnownFileType = sourcecode.c.h; path = TKShapeStyle.h; sourceTree = "<group>"; };
		27F46A3D169B8BC100255169 /* TKShapeStyle.m */ = {isa = PBXFileReference; fileEncoding = 4; lastKnownFileType = sourcecode.c.objc; path = TKShapeStyle.m; sourceTree = "<group>"; };
		27F46A3E169B8BC100255169 /* TKStyledPolyline.h */ = {isa = PBXFileReference; fileEncoding = 4; lastKnownFileType = sourcecode.c.h; path = TKStyledPolyline.h; sourceTree = "<group>"; };
		27F46A3F169B8BC100255169 /* TKStyledPolyline.m */ = {isa = PBXFileReference; fileEncoding = 4; lastKnownFileType = sourcecode.c.objc; path = TKStyledPolyline.m; sourceTree = "<group>"; };
		27F46A4D169B8E4C00255169 /* TrailsKitGeometry.h */ = {isa = PBXFileReference; lastKnownFileType = sourcecode.c.h; path = TrailsKitGeometry.h; sourceTree = "<group>"; };
		A3AC9CBB05F9448CA82BB67D /* Pods-TrailsKit.xcconfig */ = {isa = PBXFileReference; includeInIndex = 1; lastKnownFileType = text.xcconfig; name = "Pods-TrailsKit.xcconfig"; path = "Pods/Pods-TrailsKit.xcconfig"; sourceTree = SOURCE_ROOT; };
		A42848C9E4C346AB926D673C /* libPods-TrailsKitTests.a */ = {isa = PBXFileReference; explicitFileType = archive.ar; includeInIndex = 0; path = "libPods-TrailsKitTests.a"; sourceTree = BUILT_PRODUCTS_DIR; };
		B2C374D34094493DA171442C /* libPods-TrailsKit.a */ = {isa = PBXFileReference; explicitFileType = archive.ar; includeInIndex = 0; path = "libPods-TrailsKit.a"; sourceTree = BUILT_PRODUCTS_DIR; };
/* End PBXFileReference section */

/* Begin PBXFrameworksBuildPhase section */
		2713CA4E169360C900BB236F /* Frameworks */ = {
			isa = PBXFrameworksBuildPhase;
			buildActionMask = 2147483647;
			files = (
				2713CA55169360C900BB236F /* Foundation.framework in Frameworks */,
				7D11DEF120104A489DE37F11 /* libPods-TrailsKit.a in Frameworks */,
			);
			runOnlyForDeploymentPostprocessing = 0;
		};
		2713CA5E169360C900BB236F /* Frameworks */ = {
			isa = PBXFrameworksBuildPhase;
			buildActionMask = 2147483647;
			files = (
				27107CC41878492F00651E10 /* CoreGraphics.framework in Frameworks */,
				2713CA9E1693845000BB236F /* MapKit.framework in Frameworks */,
				2713CA9C1693844900BB236F /* CoreLocation.framework in Frameworks */,
				2713CA66169360C900BB236F /* UIKit.framework in Frameworks */,
				2713CA67169360C900BB236F /* Foundation.framework in Frameworks */,
				2713CA6A169360C900BB236F /* libTrailsKit.a in Frameworks */,
				FE8BC6B1247B4EDB93B8F468 /* libPods-TrailsKitTests.a in Frameworks */,
			);
			runOnlyForDeploymentPostprocessing = 0;
		};
/* End PBXFrameworksBuildPhase section */

/* Begin PBXGroup section */
		2713CA46169360C900BB236F = {
			isa = PBXGroup;
			children = (
				2713CA53169360C900BB236F /* Frameworks */,
				A3AC9CBB05F9448CA82BB67D /* Pods-TrailsKit.xcconfig */,
				1C51F82EAE2E45CF8F89B6F7 /* Pods-TrailsKitTests.xcconfig */,
				2713CA52169360C900BB236F /* Products */,
				27844C9F18FD5A4400D59163 /* Shared.xcconfig */,
				2713CA56169360C900BB236F /* TrailsKit */,
				2713CA6B169360C900BB236F /* TrailsKitTests */,
			);
			sourceTree = "<group>";
		};
		2713CA52169360C900BB236F /* Products */ = {
			isa = PBXGroup;
			children = (
				2713CA51169360C900BB236F /* libTrailsKit.a */,
				2713CA62169360C900BB236F /* TrailsKitTests.xctest */,
			);
			name = Products;
			sourceTree = "<group>";
		};
		2713CA53169360C900BB236F /* Frameworks */ = {
			isa = PBXGroup;
			children = (
				27107CC31878492F00651E10 /* CoreGraphics.framework */,
				2713CA9D1693845000BB236F /* MapKit.framework */,
				2713CA9B1693844900BB236F /* CoreLocation.framework */,
				2713CA54169360C900BB236F /* Foundation.framework */,
				2713CA65169360C900BB236F /* UIKit.framework */,
				A42848C9E4C346AB926D673C /* libPods-TrailsKitTests.a */,
				B2C374D34094493DA171442C /* libPods-TrailsKit.a */,
			);
			name = Frameworks;
			sourceTree = "<group>";
		};
		2713CA56169360C900BB236F /* TrailsKit */ = {
			isa = PBXGroup;
			children = (
				27F46A26169B428800255169 /* Geometry */,
				2736C0A516AAEC8D00431070 /* Parsers */,
				2713CA57169360C900BB236F /* Supporting Files */,
				2713CA59169360C900BB236F /* TrailsKit.h */,
				27F46A4D169B8E4C00255169 /* TrailsKitGeometry.h */,
				2736C09516AAE78C00431070 /* TrailsKitParsers.h */,
				2736C07016A9899700431070 /* TrailsKitTypes.h */,
				2713CA971693832900BB236F /* TrailsKitUI.h */,
				2713CA8D169381EB00BB236F /* UI */,
			);
			path = TrailsKit;
			sourceTree = "<group>";
		};
		2713CA57169360C900BB236F /* Supporting Files */ = {
			isa = PBXGroup;
			children = (
				2713CA58169360C900BB236F /* TrailsKit-Prefix.pch */,
			);
			name = "Supporting Files";
			sourceTree = "<group>";
		};
		2713CA6B169360C900BB236F /* TrailsKitTests */ = {
			isa = PBXGroup;
			children = (
				27F46A35169B439100255169 /* Geometry */,
				2736C09D16AAEBF800431070 /* Parsers */,
				2713CA6C169360C900BB236F /* Supporting Files */,
				2713CB7B1697F48300BB236F /* TKKiwiExtensions.h */,
				2713CA98169383F100BB236F /* UI */,
			);
			path = TrailsKitTests;
			sourceTree = "<group>";
		};
		2713CA6C169360C900BB236F /* Supporting Files */ = {
			isa = PBXGroup;
			children = (
				2713CA6D169360C900BB236F /* TrailsKitTests-Info.plist */,
				2713CA6E169360C900BB236F /* InfoPlist.strings */,
			);
			name = "Supporting Files";
			sourceTree = "<group>";
		};
		2713CA8D169381EB00BB236F /* UI */ = {
			isa = PBXGroup;
			children = (
				2740C2AA16B5D95800E521CF /* TKAnnotationViewFactory.h */,
				2740C2AB16B5D95800E521CF /* TKAnnotationViewFactory.m */,
				27148A47187C3357006452D2 /* TKMapObjectManager.h */,
				27148A48187C3357006452D2 /* TKMapObjectManager.m */,
				277ED48E169DE50C005022E5 /* TKStyledPolylineRendererFactory.h */,
				277ED48F169DE50C005022E5 /* TKStyledPolylineRendererFactory.m */,
			);
			path = UI;
			sourceTree = "<group>";
		};
		2713CA98169383F100BB236F /* UI */ = {
			isa = PBXGroup;
			children = (
				2740C2AE16B5DA3900E521CF /* TKAnnotationViewFactorySpec.m */,
				27148A4A187C3433006452D2 /* TKMapObjectManagerSpec.m */,
			);
			path = UI;
			sourceTree = "<group>";
		};
		2736C09D16AAEBF800431070 /* Parsers */ = {
			isa = PBXGroup;
			children = (
				2736C09F16AAEC4800431070 /* test_invalid_gpx.gpx */,
				2736C0A016AAEC4800431070 /* test_one_track.gpx */,
				2736C0A116AAEC4800431070 /* TKGPXParserSpec.m */,
				2736C0B216AAF6DF00431070 /* TKGPXPolygonMapperSpec.m */,
				2736C0AD16AAED2400431070 /* TKGPXPolylineMapperSpec.m */,
			);
			path = Parsers;
			sourceTree = "<group>";
		};
		2736C0A516AAEC8D00431070 /* Parsers */ = {
			isa = PBXGroup;
			children = (
				27BF90D818EA1CB10091745F /* GPX+TrailsKit.h */,
				27BF90D918EA1CB10091745F /* GPX+TrailsKit.m */,
				2736C0A616AAEC8D00431070 /* TKGPXOverlayMapper.h */,
				2736C0A716AAEC8D00431070 /* TKGPXParser.h */,
				2736C0A816AAEC8D00431070 /* TKGPXParser.m */,
				2736C0AF16AAF64100431070 /* TKGPXPolygonMapper.h */,
				2736C0B016AAF64100431070 /* TKGPXPolygonMapper.m */,
				2736C0A916AAEC8D00431070 /* TKGPXPolylineMapper.h */,
				2736C0AA16AAEC8D00431070 /* TKGPXPolylineMapper.m */,
			);
			path = Parsers;
			sourceTree = "<group>";
		};
		27F46A26169B428800255169 /* Geometry */ = {
			isa = PBXGroup;
			children = (
				27F46A28169B433C00255169 /* NSArray+MapKitGeometry.h */,
				27F46A29169B433C00255169 /* NSArray+MapKitGeometry.m */,
				27107CBE187847DB00651E10 /* TKMapImage.h */,
				27107CBF187847DB00651E10 /* TKMapImage.m */,
				27F46A2A169B433C00255169 /* TKMapKitGeometry.h */,
				27F46A2B169B433C00255169 /* TKMapKitGeometry.m */,
				273E1EF618765ACB00B79846 /* TKPointAnnotation.h */,
				273E1EF718765ACB00B79846 /* TKPointAnnotation.m */,
				27F46A3C169B8BC100255169 /* TKShapeStyle.h */,
				27F46A3D169B8BC100255169 /* TKShapeStyle.m */,
				2736C08D16AA571D00431070 /* TKStyledPolygonArea.h */,
				2736C08E16AA571D00431070 /* TKStyledPolygonArea.m */,
				27F46A3E169B8BC100255169 /* TKStyledPolyline.h */,
				27F46A3F169B8BC100255169 /* TKStyledPolyline.m */,
				27148A4C187E07A5006452D2 /* TKVisibilityConstraint.h */,
				27148A4D187E07A5006452D2 /* TKVisibilityConstraint.m */,
			);
			path = Geometry;
			sourceTree = "<group>";
		};
		27F46A35169B439100255169 /* Geometry */ = {
			isa = PBXGroup;
			children = (
				27F46A36169B439100255169 /* NSArrayMapKitGeometrySpec.m */,
				27F46A37169B439100255169 /* TKMapKitGeometrySpec.m */,
				2736C0B416AAFE4500431070 /* TKStyledPolygonAreaSpec.m */,
				27107CC1187848D800651E10 /* TKMapImageSpec.m */,
				27148A4F187E0868006452D2 /* TKVisibilityConstraintSpec.m */,
			);
			path = Geometry;
			sourceTree = "<group>";
		};
/* End PBXGroup section */

/* Begin PBXNativeTarget section */
		2713CA50169360C900BB236F /* TrailsKit */ = {
			isa = PBXNativeTarget;
			buildConfigurationList = 2713CA76169360C900BB236F /* Build configuration list for PBXNativeTarget "TrailsKit" */;
			buildPhases = (
				2713CA4D169360C900BB236F /* Sources */,
				2713CA4E169360C900BB236F /* Frameworks */,
				2713CA4F169360C900BB236F /* CopyFiles */,
				5EDA4F8134994C36974BE57C /* Copy Pods Resources */,
			);
			buildRules = (
			);
			dependencies = (
			);
			name = TrailsKit;
			productName = TrailsKit;
			productReference = 2713CA51169360C900BB236F /* libTrailsKit.a */;
			productType = "com.apple.product-type.library.static";
		};
		2713CA61169360C900BB236F /* TrailsKitTests */ = {
			isa = PBXNativeTarget;
			buildConfigurationList = 2713CA79169360C900BB236F /* Build configuration list for PBXNativeTarget "TrailsKitTests" */;
			buildPhases = (
				2713CA5D169360C900BB236F /* Sources */,
				2713CA5E169360C900BB236F /* Frameworks */,
				2713CA5F169360C900BB236F /* Resources */,
				2713CA60169360C900BB236F /* ShellScript */,
				8E865E3B6CD8433C965C5CF1 /* Copy Pods Resources */,
			);
			buildRules = (
			);
			dependencies = (
				2713CA69169360C900BB236F /* PBXTargetDependency */,
			);
			name = TrailsKitTests;
			productName = TrailsKitTests;
			productReference = 2713CA62169360C900BB236F /* TrailsKitTests.xctest */;
			productType = "com.apple.product-type.bundle.unit-test";
		};
/* End PBXNativeTarget section */

/* Begin PBXProject section */
		2713CA48169360C900BB236F /* Project object */ = {
			isa = PBXProject;
			attributes = {
				CLASSPREFIX = TK;
				LastUpgradeCheck = 0510;
				ORGANIZATIONNAME = "Esker Apps";
			};
			buildConfigurationList = 2713CA4B169360C900BB236F /* Build configuration list for PBXProject "TrailsKit" */;
			compatibilityVersion = "Xcode 3.2";
			developmentRegion = English;
			hasScannedForEncodings = 0;
			knownRegions = (
				en,
			);
			mainGroup = 2713CA46169360C900BB236F;
			productRefGroup = 2713CA52169360C900BB236F /* Products */;
			projectDirPath = "";
			projectRoot = "";
			targets = (
				2713CA50169360C900BB236F /* TrailsKit */,
				2713CA61169360C900BB236F /* TrailsKitTests */,
			);
		};
/* End PBXProject section */

/* Begin PBXResourcesBuildPhase section */
		2713CA5F169360C900BB236F /* Resources */ = {
			isa = PBXResourcesBuildPhase;
			buildActionMask = 2147483647;
			files = (
				2713CA70169360C900BB236F /* InfoPlist.strings in Resources */,
				2736C0A216AAEC4800431070 /* test_invalid_gpx.gpx in Resources */,
				2736C0A316AAEC4800431070 /* test_one_track.gpx in Resources */,
			);
			runOnlyForDeploymentPostprocessing = 0;
		};
/* End PBXResourcesBuildPhase section */

/* Begin PBXShellScriptBuildPhase section */
		2713CA60169360C900BB236F /* ShellScript */ = {
			isa = PBXShellScriptBuildPhase;
			buildActionMask = 2147483647;
			files = (
			);
			inputPaths = (
			);
			outputPaths = (
			);
			runOnlyForDeploymentPostprocessing = 0;
			shellPath = /bin/sh;
			shellScript = "# Run the unit tests in this test bundle.\n\"${SYSTEM_DEVELOPER_DIR}/Tools/RunUnitTests\"\n";
		};
		5EDA4F8134994C36974BE57C /* Copy Pods Resources */ = {
			isa = PBXShellScriptBuildPhase;
			buildActionMask = 2147483647;
			files = (
			);
			inputPaths = (
			);
			name = "Copy Pods Resources";
			outputPaths = (
			);
			runOnlyForDeploymentPostprocessing = 0;
			shellPath = /bin/sh;
			shellScript = "\"${SRCROOT}/Pods/Pods-TrailsKit-resources.sh\"\n";
		};
		8E865E3B6CD8433C965C5CF1 /* Copy Pods Resources */ = {
			isa = PBXShellScriptBuildPhase;
			buildActionMask = 2147483647;
			files = (
			);
			inputPaths = (
			);
			name = "Copy Pods Resources";
			outputPaths = (
			);
			runOnlyForDeploymentPostprocessing = 0;
			shellPath = /bin/sh;
			shellScript = "\"${SRCROOT}/Pods/Pods-TrailsKitTests-resources.sh\"\n";
		};
/* End PBXShellScriptBuildPhase section */

/* Begin PBXSourcesBuildPhase section */
		2713CA4D169360C900BB236F /* Sources */ = {
			isa = PBXSourcesBuildPhase;
			buildActionMask = 2147483647;
			files = (
				27F46A30169B433C00255169 /* NSArray+MapKitGeometry.m in Sources */,
				27F46A31169B433C00255169 /* TKMapKitGeometry.m in Sources */,
				27F46A40169B8BC100255169 /* TKShapeStyle.m in Sources */,
				27107CC0187847DC00651E10 /* TKMapImage.m in Sources */,
				27BF90DA18EA1CB10091745F /* GPX+TrailsKit.m in Sources */,
				27F46A41169B8BC100255169 /* TKStyledPolyline.m in Sources */,
				27148A4E187E07A5006452D2 /* TKVisibilityConstraint.m in Sources */,
				277ED490169DE50C005022E5 /* TKStyledPolylineRendererFactory.m in Sources */,
				27148A49187C3357006452D2 /* TKMapObjectManager.m in Sources */,
				2736C08F16AA571D00431070 /* TKStyledPolygonArea.m in Sources */,
				2736C0AB16AAEC8D00431070 /* TKGPXParser.m in Sources */,
				2736C0AC16AAEC8D00431070 /* TKGPXPolylineMapper.m in Sources */,
				2736C0B116AAF64100431070 /* TKGPXPolygonMapper.m in Sources */,
				273E1EF818765ACB00B79846 /* TKPointAnnotation.m in Sources */,
				2740C2AC16B5D95800E521CF /* TKAnnotationViewFactory.m in Sources */,
			);
			runOnlyForDeploymentPostprocessing = 0;
		};
		2713CA5D169360C900BB236F /* Sources */ = {
			isa = PBXSourcesBuildPhase;
			buildActionMask = 2147483647;
			files = (
				27F46A39169B439100255169 /* NSArrayMapKitGeometrySpec.m in Sources */,
				27F46A3A169B439100255169 /* TKMapKitGeometrySpec.m in Sources */,
				27148A50187E0868006452D2 /* TKVisibilityConstraintSpec.m in Sources */,
				2736C0A416AAEC4800431070 /* TKGPXParserSpec.m in Sources */,
				2736C0AE16AAED2400431070 /* TKGPXPolylineMapperSpec.m in Sources */,
				2736C0B316AAF6DF00431070 /* TKGPXPolygonMapperSpec.m in Sources */,
				2736C0B516AAFE4500431070 /* TKStyledPolygonAreaSpec.m in Sources */,
				27148A4B187C3433006452D2 /* TKMapObjectManagerSpec.m in Sources */,
				27107CC2187848D800651E10 /* TKMapImageSpec.m in Sources */,
				2740C2AF16B5DA3900E521CF /* TKAnnotationViewFactorySpec.m in Sources */,
			);
			runOnlyForDeploymentPostprocessing = 0;
		};
/* End PBXSourcesBuildPhase section */

/* Begin PBXTargetDependency section */
		2713CA69169360C900BB236F /* PBXTargetDependency */ = {
			isa = PBXTargetDependency;
			target = 2713CA50169360C900BB236F /* TrailsKit */;
			targetProxy = 2713CA68169360C900BB236F /* PBXContainerItemProxy */;
		};
/* End PBXTargetDependency section */

/* Begin PBXVariantGroup section */
		2713CA6E169360C900BB236F /* InfoPlist.strings */ = {
			isa = PBXVariantGroup;
			children = (
				2713CA6F169360C900BB236F /* en */,
			);
			name = InfoPlist.strings;
			sourceTree = "<group>";
		};
/* End PBXVariantGroup section */

/* Begin XCBuildConfiguration section */
		2713CA74169360C900BB236F /* Debug */ = {
			isa = XCBuildConfiguration;
			baseConfigurationReference = 27844C9F18FD5A4400D59163 /* Shared.xcconfig */;
			buildSettings = {
				ALWAYS_SEARCH_USER_PATHS = NO;
				CLANG_CXX_LANGUAGE_STANDARD = "gnu++0x";
				CLANG_CXX_LIBRARY = "libc++";
				CLANG_ENABLE_OBJC_ARC = YES;
				CLANG_WARN_EMPTY_BODY = YES;
				CLANG_WARN__DUPLICATE_METHOD_MATCH = YES;
				COPY_PHASE_STRIP = NO;
				FRAMEWORK_SEARCH_PATHS = "$(SDKROOT)/Developer/Library/Frameworks";
				GCC_C_LANGUAGE_STANDARD = gnu99;
				GCC_DYNAMIC_NO_PIC = NO;
				GCC_OPTIMIZATION_LEVEL = 0;
				GCC_PREPROCESSOR_DEFINITIONS = (
					"DEBUG=1",
					"$(inherited)",
				);
				GCC_SYMBOLS_PRIVATE_EXTERN = NO;
				GCC_WARN_ABOUT_RETURN_TYPE = YES;
				GCC_WARN_UNINITIALIZED_AUTOS = YES;
				GCC_WARN_UNUSED_VARIABLE = YES;
				IPHONEOS_DEPLOYMENT_TARGET = 7.0;
				ONLY_ACTIVE_ARCH = YES;
				SDKROOT = iphoneos;
				TARGETED_DEVICE_FAMILY = "1,2";
			};
			name = Debug;
		};
		2713CA75169360C900BB236F /* Release */ = {
			isa = XCBuildConfiguration;
			baseConfigurationReference = 27844C9F18FD5A4400D59163 /* Shared.xcconfig */;
			buildSettings = {
				ALWAYS_SEARCH_USER_PATHS = NO;
				CLANG_CXX_LANGUAGE_STANDARD = "gnu++0x";
				CLANG_CXX_LIBRARY = "libc++";
				CLANG_ENABLE_OBJC_ARC = YES;
				CLANG_WARN_EMPTY_BODY = YES;
				CLANG_WARN__DUPLICATE_METHOD_MATCH = YES;
				COPY_PHASE_STRIP = YES;
				FRAMEWORK_SEARCH_PATHS = "$(SDKROOT)/Developer/Library/Frameworks";
				GCC_C_LANGUAGE_STANDARD = gnu99;
				GCC_WARN_ABOUT_RETURN_TYPE = YES;
				GCC_WARN_UNINITIALIZED_AUTOS = YES;
				GCC_WARN_UNUSED_VARIABLE = YES;
				IPHONEOS_DEPLOYMENT_TARGET = 7.0;
				SDKROOT = iphoneos;
				TARGETED_DEVICE_FAMILY = "1,2";
				VALIDATE_PRODUCT = YES;
			};
			name = Release;
		};
		2713CA77169360C900BB236F /* Debug */ = {
			isa = XCBuildConfiguration;
			baseConfigurationReference = A3AC9CBB05F9448CA82BB67D /* Pods-TrailsKit.xcconfig */;
			buildSettings = {
				DSTROOT = /tmp/TrailsKit.dst;
				GCC_PRECOMPILE_PREFIX_HEADER = YES;
				GCC_PREFIX_HEADER = "TrailsKit/TrailsKit-Prefix.pch";
				PRODUCT_NAME = "$(TARGET_NAME)";
				SKIP_INSTALL = YES;
			};
			name = Debug;
		};
		2713CA78169360C900BB236F /* Release */ = {
			isa = XCBuildConfiguration;
			baseConfigurationReference = A3AC9CBB05F9448CA82BB67D /* Pods-TrailsKit.xcconfig */;
			buildSettings = {
				DSTROOT = /tmp/TrailsKit.dst;
				GCC_PRECOMPILE_PREFIX_HEADER = YES;
				GCC_PREFIX_HEADER = "TrailsKit/TrailsKit-Prefix.pch";
				PRODUCT_NAME = "$(TARGET_NAME)";
				SKIP_INSTALL = YES;
			};
			name = Release;
		};
		2713CA7A169360C900BB236F /* Debug */ = {
			isa = XCBuildConfiguration;
			baseConfigurationReference = 1C51F82EAE2E45CF8F89B6F7 /* Pods-TrailsKitTests.xcconfig */;
			buildSettings = {
				FRAMEWORK_SEARCH_PATHS = (
					"\"$(SDKROOT)/Developer/Library/Frameworks\"",
					"\"$(DEVELOPER_LIBRARY_DIR)/Frameworks\"",
					"$(inherited)",
				);
				GCC_PRECOMPILE_PREFIX_HEADER = YES;
				GCC_PREFIX_HEADER = "TrailsKit/TrailsKit-Prefix.pch";
				INFOPLIST_FILE = "TrailsKitTests/TrailsKitTests-Info.plist";
				PRODUCT_NAME = "$(TARGET_NAME)";
			};
			name = Debug;
		};
		2713CA7B169360C900BB236F /* Release */ = {
			isa = XCBuildConfiguration;
			baseConfigurationReference = 1C51F82EAE2E45CF8F89B6F7 /* Pods-TrailsKitTests.xcconfig */;
			buildSettings = {
				FRAMEWORK_SEARCH_PATHS = (
					"\"$(SDKROOT)/Developer/Library/Frameworks\"",
					"\"$(DEVELOPER_LIBRARY_DIR)/Frameworks\"",
					"$(inherited)",
				);
				GCC_PRECOMPILE_PREFIX_HEADER = YES;
				GCC_PREFIX_HEADER = "TrailsKit/TrailsKit-Prefix.pch";
				INFOPLIST_FILE = "TrailsKitTests/TrailsKitTests-Info.plist";
				PRODUCT_NAME = "$(TARGET_NAME)";
			};
			name = Release;
		};
/* End XCBuildConfiguration section */

/* Begin XCConfigurationList section */
		2713CA4B169360C900BB236F /* Build configuration list for PBXProject "TrailsKit" */ = {
			isa = XCConfigurationList;
			buildConfigurations = (
				2713CA74169360C900BB236F /* Debug */,
				2713CA75169360C900BB236F /* Release */,
			);
			defaultConfigurationIsVisible = 0;
			defaultConfigurationName = Release;
		};
		2713CA76169360C900BB236F /* Build configuration list for PBXNativeTarget "TrailsKit" */ = {
			isa = XCConfigurationList;
			buildConfigurations = (
				2713CA77169360C900BB236F /* Debug */,
				2713CA78169360C900BB236F /* Release */,
			);
			defaultConfigurationIsVisible = 0;
			defaultConfigurationName = Release;
		};
		2713CA79169360C900BB236F /* Build configuration list for PBXNativeTarget "TrailsKitTests" */ = {
			isa = XCConfigurationList;
			buildConfigurations = (
				2713CA7A169360C900BB236F /* Debug */,
				2713CA7B169360C900BB236F /* Release */,
			);
			defaultConfigurationIsVisible = 0;
			defaultConfigurationName = Release;
		};
/* End XCConfigurationList section */
	};
	rootObject = 2713CA48169360C900BB236F /* Project object */;
}
